
Microsoft Visual Studio Solution File, Format Version 12.00
# Visual Studio 2013
VisualStudioVersion = 12.0.31101.0
MinimumVisualStudioVersion = 10.0.40219.1
Project("{F184B08F-C81C-45F6-A57F-5ABD9991F28F}") = "WPFLocalization", "WPFLocalization\WPFLocalization.vbproj", "{635DF965-B873-47FC-BE58-651B7FFD2300}"
EndProject
Project("{FAE04EC0-301F-11D3-BF4B-00C04F79EFBC}") = "WPFLocalizationCSharp", "WPFLocalizationCSharp\WPFLocalizationCSharp.csproj", "{01AA34C6-3DAE-47BD-B913-CB934265AF1A}"
EndProject
Global
	GlobalSection(SolutionConfigurationPlatforms) = preSolution
		Debug|Any CPU = Debug|Any CPU
		Release|Any CPU = Release|Any CPU
	EndGlobalSection
	GlobalSection(ProjectConfigurationPlatforms) = postSolution
		{635DF965-B873-47FC-BE58-651B7FFD2300}.Debug|Any CPU.ActiveCfg = Debug|Any CPU
		{635DF965-B873-47FC-BE58-651B7FFD2300}.Debug|Any CPU.Build.0 = Debug|Any CPU
		{635DF965-B873-47FC-BE58-651B7FFD2300}.Release|Any CPU.ActiveCfg = Release|Any CPU
		{635DF965-B873-47FC-BE58-651B7FFD2300}.Release|Any CPU.Build.0 = Release|Any CPU
		{01AA34C6-3DAE-47BD-B913-CB934265AF1A}.Debug|Any CPU.ActiveCfg = Debug|Any CPU
		{01AA34C6-3DAE-47BD-B913-CB934265AF1A}.Debug|Any CPU.Build.0 = Debug|Any CPU
		{01AA34C6-3DAE-47BD-B913-CB934265AF1A}.Release|Any CPU.ActiveCfg = Release|Any CPU
		{01AA34C6-3DAE-47BD-B913-CB934265AF1A}.Release|Any CPU.Build.0 = Release|Any CPU
	EndGlobalSection
	GlobalSection(SolutionProperties) = preSolution
		HideSolutionNode = FALSE
	EndGlobalSection
EndGlobal
